
Microsoft Visual Studio Solution File, Format Version 12.00
# Visual Studio Version 16
VisualStudioVersion = 16.0.31410.357
MinimumVisualStudioVersion = 10.0.40219.1
Project("{FAE04EC0-301F-11D3-BF4B-00C04F79EFBC}") = "WebApp.Identity", "WebApp.Identity\WebApp.Identity.csproj", "{4E11BE0A-EFC5-444C-B480-DFA914665424}"
EndProject
Global
	GlobalSection(SolutionConfigurationPlatforms) = preSolution
		Debug|Any CPU = Debug|Any CPU
		Release|Any CPU = Release|Any CPU
	EndGlobalSection
	GlobalSection(ProjectConfigurationPlatforms) = postSolution
		{4E11BE0A-EFC5-444C-B480-DFA914665424}.Debug|Any CPU.ActiveCfg = Debug|Any CPU
		{4E11BE0A-EFC5-444C-B480-DFA914665424}.Debug|Any CPU.Build.0 = Debug|Any CPU
		{4E11BE0A-EFC5-444C-B480-DFA914665424}.Release|Any CPU.ActiveCfg = Release|Any CPU
		{4E11BE0A-EFC5-444C-B480-DFA914665424}.Release|Any CPU.Build.0 = Release|Any CPU
	EndGlobalSection
	GlobalSection(SolutionProperties) = preSolution
		HideSolutionNode = FALSE
	EndGlobalSection
	GlobalSection(ExtensibilityGlobals) = postSolution
		SolutionGuid = {3A103563-6686-4A15-86C8-577BA495AD60}
	EndGlobalSection
EndGlobal
